
Microsoft Visual Studio Solution File, Format Version 12.00
# Visual Studio Version 17
VisualStudioVersion = 17.2.32630.192
MinimumVisualStudioVersion = 10.0.40219.1
Project("{FAE04EC0-301F-11D3-BF4B-00C04F79EFBC}") = "OwoMida", "OwoMida\OwoMida.csproj", "{D4A6F14C-CF94-4A4B-95E8-AF4E5B66DF53}"
EndProject
Global
	GlobalSection(SolutionConfigurationPlatforms) = preSolution
		Debug|Any CPU = Debug|Any CPU
		Release|Any CPU = Release|Any CPU
	EndGlobalSection
	GlobalSection(ProjectConfigurationPlatforms) = postSolution
		{D4A6F14C-CF94-4A4B-95E8-AF4E5B66DF53}.Debug|Any CPU.ActiveCfg = Debug|Any CPU
		{D4A6F14C-CF94-4A4B-95E8-AF4E5B66DF53}.Debug|Any CPU.Build.0 = Debug|Any CPU
		{D4A6F14C-CF94-4A4B-95E8-AF4E5B66DF53}.Release|Any CPU.ActiveCfg = Release|Any CPU
		{D4A6F14C-CF94-4A4B-95E8-AF4E5B66DF53}.Release|Any CPU.Build.0 = Release|Any CPU
	EndGlobalSection
	GlobalSection(SolutionProperties) = preSolution
		HideSolutionNode = FALSE
	EndGlobalSection
	GlobalSection(ExtensibilityGlobals) = postSolution
		SolutionGuid = {36BEDC84-AC74-4775-A782-6D00C2219EFF}
	EndGlobalSection
EndGlobal
